<?xml version="1.0" encoding="utf-8"?>
<Project ToolsVersion="4.0" xmlns="http://schemas.microsoft.com/developer/msbuild/2003">
  <ItemGroup>
    <Filter Include="common">
      <UniqueIdentifier>{5a41aeec-d309-4471-ab14-e1d9a1b2267c}</UniqueIdentifier>
    </Filter>
    <Filter Include="session">
      <UniqueIdentifier>{47d9e13e-7584-4169-9a6b-05a406bd9298}</UniqueIdentifier>
    </Filter>
    <Filter Include="network">
      <UniqueIdentifier>{ab65ebea-13d0-445e-9b68-d4682dfc4e65}</UniqueIdentifier>
    </Filter>
    <Filter Include="datastruct">
      <UniqueIdentifier>{0ca7d48f-634f-4ec0-ba7e-6a91e90272d3}</UniqueIdentifier>
    </Filter>
  </ItemGroup>
  <ItemGroup>
    <ClInclude Include="pch.h">
      <Filter>common</Filter>
    </ClInclude>
    <ClInclude Include="common.h">
      <Filter>common</Filter>
    </ClInclude>
    <ClInclude Include="Types.h">
      <Filter>common</Filter>
    </ClInclude>
    <ClInclude Include="ConcurrentSet.h">
      <Filter>datastruct</Filter>
    </ClInclude>
  </ItemGroup>
  <ItemGroup>
    <ClCompile Include="pch.cpp">
      <Filter>common</Filter>
    </ClCompile>
    <ClCompile Include="CommonLibraries.cpp">
      <Filter>common</Filter>
    </ClCompile>
    <ClCompile Include="ConcurrentSet.cpp">
      <Filter>datastruct</Filter>
    </ClCompile>
  </ItemGroup>
</Project>